// !$*UTF8*$!
{
	archiveVersion = 1;
	classes = {
	};
	objectVersion = 46;
	objects = {

/* Begin PBXBuildFile section */
		748241611D07CB9C00C319DE /* AppDelegate.swift in Sources */ = {isa = PBXBuildFile; fileRef = 748241601D07CB9C00C319DE /* AppDelegate.swift */; };
		748241631D07CB9C00C319DE /* ViewController.swift in Sources */ = {isa = PBXBuildFile; fileRef = 748241621D07CB9C00C319DE /* ViewController.swift */; };
		748241661D07CB9C00C319DE /* Main.storyboard in Resources */ = {isa = PBXBuildFile; fileRef = 748241641D07CB9C00C319DE /* Main.storyboard */; };
		748241681D07CB9C00C319DE /* Assets.xcassets in Resources */ = {isa = PBXBuildFile; fileRef = 748241671D07CB9C00C319DE /* Assets.xcassets */; };
		7482416B1D07CB9C00C319DE /* LaunchScreen.storyboard in Resources */ = {isa = PBXBuildFile; fileRef = 748241691D07CB9C00C319DE /* LaunchScreen.storyboard */; };
/* End PBXBuildFile section */

/* Begin PBXFileReference section */
		7482415D1D07CB9C00C319DE /* CollectionViewWithoutStoryboard.app */ = {isa = PBXFileReference; explicitFileType = wrapper.application; includeInIndex = 0; path = CollectionViewWithoutStoryboard.app; sourceTree = BUILT_PRODUCTS_DIR; };
		748241601D07CB9C00C319DE /* AppDelegate.swift */ = {isa = PBXFileReference; lastKnownFileType = sourcecode.swift; path = AppDelegate.swift; sourceTree = "<group>"; };
		748241621D07CB9C00C319DE /* ViewController.swift */ = {isa = PBXFileReference; lastKnownFileType = sourcecode.swift; path = ViewController.swift; sourceTree = "<group>"; };
		748241651D07CB9C00C319DE /* Base */ = {isa = PBXFileReference; lastKnownFileType = file.storyboard; name = Base; path = Base.lproj/Main.storyboard; sourceTree = "<group>"; };
		748241671D07CB9C00C319DE /* Assets.xcassets */ = {isa = PBXFileReference; lastKnownFileType = folder.assetcatalog; path = Assets.xcassets; sourceTree = "<group>"; };
		7482416A1D07CB9C00C319DE /* Base */ = {isa = PBXFileReference; lastKnownFileType = file.storyboard; name = Base; path = Base.lproj/LaunchScreen.storyboard; sourceTree = "<group>"; };
		7482416C1D07CB9C00C319DE /* Info.plist */ = {isa = PBXFileReference; lastKnownFileType = text.plist.xml; path = Info.plist; sourceTree = "<group>"; };
/* End PBXFileReference section */

/* Begin PBXFrameworksBuildPhase section */
		7482415A1D07CB9C00C319DE /* Frameworks */ = {
			isa = PBXFrameworksBuildPhase;
			buildActionMask = 2147483647;
			files = (
			);
			runOnlyForDeploymentPostprocessing = 0;
		};
/* End PBXFrameworksBuildPhase section */

/* Begin PBXGroup section */
		748241541D07CB9C00C319DE = {
			isa = PBXGroup;
			children = (
				7482415F1D07CB9C00C319DE /* CollectionViewWithoutStoryboard */,
				7482415E1D07CB9C00C319DE /* Products */,
			);
			sourceTree = "<group>";
		};
		7482415E1D07CB9C00C319DE /* Products */ = {
			isa = PBXGroup;
			children = (
				7482415D1D07CB9C00C319DE /* CollectionViewWithoutStoryboard.app */,
			);
			name = Products;
			sourceTree = "<group>";
		};
		7482415F1D07CB9C00C319DE /* CollectionViewWithoutStoryboard */ = {
			isa = PBXGroup;
			children = (
				748241601D07CB9C00C319DE /* AppDelegate.swift */,
				748241621D07CB9C00C319DE /* ViewController.swift */,
				748241641D07CB9C00C319DE /* Main.storyboard */,
				748241671D07CB9C00C319DE /* Assets.xcassets */,
				748241691D07CB9C00C319DE /* LaunchScreen.storyboard */,
				7482416C1D07CB9C00C319DE /* Info.plist */,
			);
			path = CollectionViewWithoutStoryboard;
			sourceTree = "<group>";
		};
/* End PBXGroup section */

/* Begin PBXNativeTarget section */
		7482415C1D07CB9C00C319DE /* CollectionViewWithoutStoryboard */ = {
			isa = PBXNativeTarget;
			buildConfigurationList = 7482416F1D07CB9C00C319DE /* Build configuration list for PBXNativeTarget "CollectionViewWithoutStoryboard" */;
			buildPhases = (
				748241591D07CB9C00C319DE /* Sources */,
				7482415A1D07CB9C00C319DE /* Frameworks */,
				7482415B1D07CB9C00C319DE /* Resources */,
			);
			buildRules = (
			);
			dependencies = (
			);
			name = CollectionViewWithoutStoryboard;
			productName = CollectionViewWithoutStoryboard;
			productReference = 7482415D1D07CB9C00C319DE /* CollectionViewWithoutStoryboard.app */;
			productType = "com.apple.product-type.application";
		};
/* End PBXNativeTarget section */

/* Begin PBXProject section */
		748241551D07CB9C00C319DE /* Project object */ = {
			isa = PBXProject;
			attributes = {
				LastSwiftUpdateCheck = 0730;
				LastUpgradeCheck = 0730;
				ORGANIZATIONNAME = SeoDongHee;
				TargetAttributes = {
					7482415C1D07CB9C00C319DE = {
						CreatedOnToolsVersion = 7.3.1;
					};
				};
			};
			buildConfigurationList = 748241581D07CB9C00C319DE /* Build configuration list for PBXProject "CollectionViewWithoutStoryboard" */;
			compatibilityVersion = "Xcode 3.2";
			developmentRegion = English;
			hasScannedForEncodings = 0;
			knownRegions = (
				en,
				Base,
			);
			mainGroup = 748241541D07CB9C00C319DE;
			productRefGroup = 7482415E1D07CB9C00C319DE /* Products */;
			projectDirPath = "";
			projectRoot = "";
			targets = (
				7482415C1D07CB9C00C319DE /* CollectionViewWithoutStoryboard */,
			);
		};
/* End PBXProject section */

/* Begin PBXResourcesBuildPhase section */
		7482415B1D07CB9C00C319DE /* Resources */ = {
			isa = PBXResourcesBuildPhase;
			buildActionMask = 2147483647;
			files = (
				7482416B1D07CB9C00C319DE /* LaunchScreen.storyboard in Resources */,
				748241681D07CB9C00C319DE /* Assets.xcassets in Resources */,
				748241661D07CB9C00C319DE /* Main.storyboard in Resources */,
			);
			runOnlyForDeploymentPostprocessing = 0;
		};
/* End PBXResourcesBuildPhase section */

/* Begin PBXSourcesBuildPhase section */
		748241591D07CB9C00C319DE /* Sources */ = {
			isa = PBXSourcesBuildPhase;
			buildActionMask = 2147483647;
			files = (
				748241631D07CB9C00C319DE /* ViewController.swift in Sources */,
				748241611D07CB9C00C319DE /* AppDelegate.swift in Sources */,
			);
			runOnlyForDeploymentPostprocessing = 0;
		};
/* End PBXSourcesBuildPhase section */

/* Begin PBXVariantGroup section */
		748241641D07CB9C00C319DE /* Main.storyboard */ = {
			isa = PBXVariantGroup;
			children = (
				748241651D07CB9C00C319DE /* Base */,
			);
			name = Main.storyboard;
			sourceTree = "<group>";
		};
		748241691D07CB9C00C319DE /* LaunchScreen.storyboard */ = {
			isa = PBXVariantGroup;
			children = (
				7482416A1D07CB9C00C319DE /* Base */,
			);
			name = LaunchScreen.storyboard;
			sourceTree = "<group>";
		};
/* End PBXVariantGroup section */

/* Begin XCBuildConfiguration section */
		7482416D1D07CB9C00C319DE /* Debug */ = {
			isa = XCBuildConfiguration;
			buildSettings = {
				ALWAYS_SEARCH_USER_PATHS = NO;
				CLANG_ANALYZER_NONNULL = YES;
				CLANG_CXX_LANGUAGE_STANDARD = "gnu++0x";
				CLANG_CXX_LIBRARY = "libc++";
				CLANG_ENABLE_MODULES = YES;
				CLANG_ENABLE_OBJC_ARC = YES;
				CLANG_WARN_BOOL_CONVERSION = YES;
				CLANG_WARN_CONSTANT_CONVERSION = YES;
				CLANG_WARN_DIRECT_OBJC_ISA_USAGE = YES_ERROR;
				CLANG_WARN_EMPTY_BODY = YES;
				CLANG_WARN_ENUM_CONVERSION = YES;
				CLANG_WARN_INT_CONVERSION = YES;
				CLANG_WARN_OBJC_ROOT_CLASS = YES_ERROR;
				CLANG_WARN_UNREACHABLE_CODE = YES;
				CLANG_WARN__DUPLICATE_METHOD_MATCH = YES;
				"CODE_SIGN_IDENTITY[sdk=iphoneos*]" = "iPhone Developer";
				COPY_PHASE_STRIP = NO;
				DEBUG_INFORMATION_FORMAT = dwarf;
				ENABLE_STRICT_OBJC_MSGSEND = YES;
				ENABLE_TESTABILITY = YES;
				GCC_C_LANGUAGE_STANDARD = gnu99;
				GCC_DYNAMIC_NO_PIC = NO;
				GCC_NO_COMMON_BLOCKS = YES;
				GCC_OPTIMIZATION_LEVEL = 0;
				GCC_PREPROCESSOR_DEFINITIONS = (
					"DEBUG=1",
					"$(inherited)",
				);
				GCC_WARN_64_TO_32_BIT_CONVERSION = YES;
				GCC_WARN_ABOUT_RETURN_TYPE = YES_ERROR;
				GCC_WARN_UNDECLARED_SELECTOR = YES;
				GCC_WARN_UNINITIALIZED_AUTOS = YES_AGGRESSIVE;
				GCC_WARN_UNUSED_FUNCTION = YES;
				GCC_WARN_UNUSED_VARIABLE = YES;
				IPHONEOS_DEPLOYMENT_TARGET = 9.3;
				MTL_ENABLE_DEBUG_INFO = YES;
				ONLY_ACTIVE_ARCH = YES;
				SDKROOT = iphoneos;
				SWIFT_OPTIMIZATION_LEVEL = "-Onone";
				TARGETED_DEVICE_FAMILY = "1,2";
			};
			name = Debug;
		};
		7482416E1D07CB9C00C319DE /* Release */ = {
			isa = XCBuildConfiguration;
			buildSettings = {
				ALWAYS_SEARCH_USER_PATHS = NO;
				CLANG_ANALYZER_NONNULL = YES;
				CLANG_CXX_LANGUAGE_STANDARD = "gnu++0x";
				CLANG_CXX_LIBRARY = "libc++";
				CLANG_ENABLE_MODULES = YES;
				CLANG_ENABLE_OBJC_ARC = YES;
				CLANG_WARN_BOOL_CONVERSION = YES;
				CLANG_WARN_CONSTANT_CONVERSION = YES;
				CLANG_WARN_DIRECT_OBJC_ISA_USAGE = YES_ERROR;
				CLANG_WARN_EMPTY_BODY = YES;
				CLANG_WARN_ENUM_CONVERSION = YES;
				CLANG_WARN_INT_CONVERSION = YES;
				CLANG_WARN_OBJC_ROOT_CLASS = YES_ERROR;
				CLANG_WARN_UNREACHABLE_CODE = YES;
				CLANG_WARN__DUPLICATE_METHOD_MATCH = YES;
				"CODE_SIGN_IDENTITY[sdk=iphoneos*]" = "iPhone Developer";
				COPY_PHASE_STRIP = NO;
				DEBUG_INFORMATION_FORMAT = "dwarf-with-dsym";
				ENABLE_NS_ASSERTIONS = NO;
				ENABLE_STRICT_OBJC_MSGSEND = YES;
				GCC_C_LANGUAGE_STANDARD = gnu99;
				GCC_NO_COMMON_BLOCKS = YES;
				GCC_WARN_64_TO_32_BIT_CONVERSION = YES;
				GCC_WARN_ABOUT_RETURN_TYPE = YES_ERROR;
				GCC_WARN_UNDECLARED_SELECTOR = YES;
				GCC_WARN_UNINITIALIZED_AUTOS = YES_AGGRESSIVE;
				GCC_WARN_UNUSED_FUNCTION = YES;
				GCC_WARN_UNUSED_VARIABLE = YES;
				IPHONEOS_DEPLOYMENT_TARGET = 9.3;
				MTL_ENABLE_DEBUG_INFO = NO;
				SDKROOT = iphoneos;
				TARGETED_DEVICE_FAMILY = "1,2";
				VALIDATE_PRODUCT = YES;
			};
			name = Release;
		};
		748241701D07CB9C00C319DE /* Debug */ = {
			isa = XCBuildConfiguration;
			buildSettings = {
				ASSETCATALOG_COMPILER_APPICON_NAME = AppIcon;
				INFOPLIST_FILE = CollectionViewWithoutStoryboard/Info.plist;
				LD_RUNPATH_SEARCH_PATHS = "$(inherited) @executable_path/Frameworks";
				PRODUCT_BUNDLE_IDENTIFIER = com.songahbie.CollectionViewWithoutStoryboard;
				PRODUCT_NAME = "$(TARGET_NAME)";
			};
			name = Debug;
		};
		748241711D07CB9C00C319DE /* Release */ = {
			isa = XCBuildConfiguration;
			buildSettings = {
				ASSETCATALOG_COMPILER_APPICON_NAME = AppIcon;
				INFOPLIST_FILE = CollectionViewWithoutStoryboard/Info.plist;
				LD_RUNPATH_SEARCH_PATHS = "$(inherited) @executable_path/Frameworks";
				PRODUCT_BUNDLE_IDENTIFIER = com.songahbie.CollectionViewWithoutStoryboard;
				PRODUCT_NAME = "$(TARGET_NAME)";
			};
			name = Release;
		};
/* End XCBuildConfiguration section */

/* Begin XCConfigurationList section */
		748241581D07CB9C00C319DE /* Build configuration list for PBXProject "CollectionViewWithoutStoryboard" */ = {
			isa = XCConfigurationList;
			buildConfigurations = (
				7482416D1D07CB9C00C319DE /* Debug */,
				7482416E1D07CB9C00C319DE /* Release */,
			);
			defaultConfigurationIsVisible = 0;
			defaultConfigurationName = Release;
		};
		7482416F1D07CB9C00C319DE /* Build configuration list for PBXNativeTarget "CollectionViewWithoutStoryboard" */ = {
			isa = XCConfigurationList;
			buildConfigurations = (
				748241701D07CB9C00C319DE /* Debug */,
				748241711D07CB9C00C319DE /* Release */,
			);
			defaultConfigurationIsVisible = 0;
		};
/* End XCConfigurationList section */
	};
	rootObject = 748241551D07CB9C00C319DE /* Project object */;
}
